
Microsoft Visual Studio Solution File, Format Version 12.00
# Visual Studio 14
VisualStudioVersion = 14.0.25123.0
MinimumVisualStudioVersion = 10.0.40219.1
Project("{FAE04EC0-301F-11D3-BF4B-00C04F79EFBC}") = "Shell", "Shell\Shell.csproj", "{51916DD8-7DC2-4E5C-9190-731FC7C7A239}"
EndProject
Project("{FAE04EC0-301F-11D3-BF4B-00C04F79EFBC}") = "MvvmFsm", "MvvmFsm\MvvmFsm.csproj", "{93B70D64-75DA-4961-80EB-864AAC19B0E3}"
EndProject
Project("{FAE04EC0-301F-11D3-BF4B-00C04F79EFBC}") = "MvvmFst.Tests", "MvvmFst.Tests\MvvmFst.Tests.csproj", "{B884800B-F1B8-49AC-AD42-81C66ABF47C3}"
EndProject
Project("{FAE04EC0-301F-11D3-BF4B-00C04F79EFBC}") = "MacroPlayer", "MacroPlayer\MacroPlayer.csproj", "{0C68461C-12CD-4947-8942-268AF86A11B5}"
EndProject
Project("{FAE04EC0-301F-11D3-BF4B-00C04F79EFBC}") = "MacroRecorder", "MacroRecorder\MacroRecorder.csproj", "{FD2B2EA2-9EE0-416F-AC86-6C5AE7302B7B}"
EndProject
Project("{FAE04EC0-301F-11D3-BF4B-00C04F79EFBC}") = "Shell.API", "Shell.API\Shell.API.csproj", "{AB6918B1-DC08-471D-9854-1C3C2D11AE7E}"
EndProject
Project("{FAE04EC0-301F-11D3-BF4B-00C04F79EFBC}") = "MacroRecorder.Tests", "MacroRecorder.Tests\MacroRecorder.Tests.csproj", "{F2BBFEB9-2F3B-4ED4-B15E-954E89B54FD0}"
EndProject
Global
	GlobalSection(SolutionConfigurationPlatforms) = preSolution
		Debug|Any CPU = Debug|Any CPU
		Release|Any CPU = Release|Any CPU
	EndGlobalSection
	GlobalSection(ProjectConfigurationPlatforms) = postSolution
		{51916DD8-7DC2-4E5C-9190-731FC7C7A239}.Debug|Any CPU.ActiveCfg = Debug|Any CPU
		{51916DD8-7DC2-4E5C-9190-731FC7C7A239}.Debug|Any CPU.Build.0 = Debug|Any CPU
		{51916DD8-7DC2-4E5C-9190-731FC7C7A239}.Release|Any CPU.ActiveCfg = Release|Any CPU
		{51916DD8-7DC2-4E5C-9190-731FC7C7A239}.Release|Any CPU.Build.0 = Release|Any CPU
		{93B70D64-75DA-4961-80EB-864AAC19B0E3}.Debug|Any CPU.ActiveCfg = Debug|Any CPU
		{93B70D64-75DA-4961-80EB-864AAC19B0E3}.Debug|Any CPU.Build.0 = Debug|Any CPU
		{93B70D64-75DA-4961-80EB-864AAC19B0E3}.Release|Any CPU.ActiveCfg = Release|Any CPU
		{93B70D64-75DA-4961-80EB-864AAC19B0E3}.Release|Any CPU.Build.0 = Release|Any CPU
		{B884800B-F1B8-49AC-AD42-81C66ABF47C3}.Debug|Any CPU.ActiveCfg = Debug|Any CPU
		{B884800B-F1B8-49AC-AD42-81C66ABF47C3}.Debug|Any CPU.Build.0 = Debug|Any CPU
		{B884800B-F1B8-49AC-AD42-81C66ABF47C3}.Release|Any CPU.ActiveCfg = Release|Any CPU
		{B884800B-F1B8-49AC-AD42-81C66ABF47C3}.Release|Any CPU.Build.0 = Release|Any CPU
		{0C68461C-12CD-4947-8942-268AF86A11B5}.Debug|Any CPU.ActiveCfg = Debug|Any CPU
		{0C68461C-12CD-4947-8942-268AF86A11B5}.Debug|Any CPU.Build.0 = Debug|Any CPU
		{0C68461C-12CD-4947-8942-268AF86A11B5}.Release|Any CPU.ActiveCfg = Release|Any CPU
		{0C68461C-12CD-4947-8942-268AF86A11B5}.Release|Any CPU.Build.0 = Release|Any CPU
		{FD2B2EA2-9EE0-416F-AC86-6C5AE7302B7B}.Debug|Any CPU.ActiveCfg = Debug|Any CPU
		{FD2B2EA2-9EE0-416F-AC86-6C5AE7302B7B}.Debug|Any CPU.Build.0 = Debug|Any CPU
		{FD2B2EA2-9EE0-416F-AC86-6C5AE7302B7B}.Release|Any CPU.ActiveCfg = Release|Any CPU
		{FD2B2EA2-9EE0-416F-AC86-6C5AE7302B7B}.Release|Any CPU.Build.0 = Release|Any CPU
		{AB6918B1-DC08-471D-9854-1C3C2D11AE7E}.Debug|Any CPU.ActiveCfg = Debug|Any CPU
		{AB6918B1-DC08-471D-9854-1C3C2D11AE7E}.Debug|Any CPU.Build.0 = Debug|Any CPU
		{AB6918B1-DC08-471D-9854-1C3C2D11AE7E}.Release|Any CPU.ActiveCfg = Release|Any CPU
		{AB6918B1-DC08-471D-9854-1C3C2D11AE7E}.Release|Any CPU.Build.0 = Release|Any CPU
		{F2BBFEB9-2F3B-4ED4-B15E-954E89B54FD0}.Debug|Any CPU.ActiveCfg = Debug|Any CPU
		{F2BBFEB9-2F3B-4ED4-B15E-954E89B54FD0}.Debug|Any CPU.Build.0 = Debug|Any CPU
		{F2BBFEB9-2F3B-4ED4-B15E-954E89B54FD0}.Release|Any CPU.ActiveCfg = Release|Any CPU
		{F2BBFEB9-2F3B-4ED4-B15E-954E89B54FD0}.Release|Any CPU.Build.0 = Release|Any CPU
	EndGlobalSection
	GlobalSection(SolutionProperties) = preSolution
		HideSolutionNode = FALSE
	EndGlobalSection
EndGlobal
